
Microsoft Visual Studio Solution File, Format Version 12.00
# Visual Studio 15
VisualStudioVersion = 15.0.28307.539
MinimumVisualStudioVersion = 10.0.40219.1
Project("{FAE04EC0-301F-11D3-BF4B-00C04F79EFBC}") = "xLinkedList", "xLinkedList\xLinkedList.csproj", "{50C9C557-D7EA-4CB8-887B-BAD135415915}"
EndProject
Global
	GlobalSection(SolutionConfigurationPlatforms) = preSolution
		Debug|Any CPU = Debug|Any CPU
		Release|Any CPU = Release|Any CPU
	EndGlobalSection
	GlobalSection(ProjectConfigurationPlatforms) = postSolution
		{50C9C557-D7EA-4CB8-887B-BAD135415915}.Debug|Any CPU.ActiveCfg = Debug|Any CPU
		{50C9C557-D7EA-4CB8-887B-BAD135415915}.Debug|Any CPU.Build.0 = Debug|Any CPU
		{50C9C557-D7EA-4CB8-887B-BAD135415915}.Release|Any CPU.ActiveCfg = Release|Any CPU
		{50C9C557-D7EA-4CB8-887B-BAD135415915}.Release|Any CPU.Build.0 = Release|Any CPU
	EndGlobalSection
	GlobalSection(SolutionProperties) = preSolution
		HideSolutionNode = FALSE
	EndGlobalSection
	GlobalSection(ExtensibilityGlobals) = postSolution
		SolutionGuid = {9BA65156-0105-4137-8F1D-43859EF5553D}
	EndGlobalSection
EndGlobal
